
Microsoft Visual Studio Solution File, Format Version 12.00
# Visual Studio Version 17
VisualStudioVersion = 17.1.32210.238
MinimumVisualStudioVersion = 10.0.40219.1
Project("{9A19103F-16F7-4668-BE54-9A1E7A4F7556}") = "OnlineCafe", "OnlineCafe.csproj", "{5E8B036D-4D10-4289-B677-2FC8EEE6741C}"
EndProject
Global
	GlobalSection(SolutionConfigurationPlatforms) = preSolution
		Debug|Any CPU = Debug|Any CPU
		Release|Any CPU = Release|Any CPU
	EndGlobalSection
	GlobalSection(ProjectConfigurationPlatforms) = postSolution
		{5E8B036D-4D10-4289-B677-2FC8EEE6741C}.Debug|Any CPU.ActiveCfg = Debug|Any CPU
		{5E8B036D-4D10-4289-B677-2FC8EEE6741C}.Debug|Any CPU.Build.0 = Debug|Any CPU
		{5E8B036D-4D10-4289-B677-2FC8EEE6741C}.Release|Any CPU.ActiveCfg = Release|Any CPU
		{5E8B036D-4D10-4289-B677-2FC8EEE6741C}.Release|Any CPU.Build.0 = Release|Any CPU
	EndGlobalSection
	GlobalSection(SolutionProperties) = preSolution
		HideSolutionNode = FALSE
	EndGlobalSection
	GlobalSection(ExtensibilityGlobals) = postSolution
		SolutionGuid = {3E4A410C-BD74-4537-B16D-0BE3A88F23FF}
	EndGlobalSection
EndGlobal
